
Microsoft Visual Studio Solution File, Format Version 12.00
# Visual Studio Version 17
VisualStudioVersion = 17.14.36518.9 d17.14
MinimumVisualStudioVersion = 10.0.40219.1
Project("{FAE04EC0-301F-11D3-BF4B-00C04F79EFBC}") = "OOP_Practice", "OOP_Practice\OOP_Practice.csproj", "{4F184FE6-2C57-4E9A-90E7-94F979C5398C}"
EndProject
Global
	GlobalSection(SolutionConfigurationPlatforms) = preSolution
		Debug|Any CPU = Debug|Any CPU
		Release|Any CPU = Release|Any CPU
	EndGlobalSection
	GlobalSection(ProjectConfigurationPlatforms) = postSolution
		{4F184FE6-2C57-4E9A-90E7-94F979C5398C}.Debug|Any CPU.ActiveCfg = Debug|Any CPU
		{4F184FE6-2C57-4E9A-90E7-94F979C5398C}.Debug|Any CPU.Build.0 = Debug|Any CPU
		{4F184FE6-2C57-4E9A-90E7-94F979C5398C}.Release|Any CPU.ActiveCfg = Release|Any CPU
		{4F184FE6-2C57-4E9A-90E7-94F979C5398C}.Release|Any CPU.Build.0 = Release|Any CPU
	EndGlobalSection
	GlobalSection(SolutionProperties) = preSolution
		HideSolutionNode = FALSE
	EndGlobalSection
	GlobalSection(ExtensibilityGlobals) = postSolution
		SolutionGuid = {4C94169F-414A-4C22-BFA2-5EF177AA9D1B}
	EndGlobalSection
EndGlobal
